
Microsoft Visual Studio Solution File, Format Version 11.00
# Visual Studio 2010
Project("{FAE04EC0-301F-11D3-BF4B-00C04F79EFBC}") = "BigInteger", "BigInteger.csproj", "{B1B384E6-A1D0-4091-AFE5-15339F2452F4}"
EndProject
Global
	GlobalSection(SolutionConfigurationPlatforms) = preSolution
		Debug|Any CPU = Debug|Any CPU
		Release|Any CPU = Release|Any CPU
	EndGlobalSection
	GlobalSection(ProjectConfigurationPlatforms) = postSolution
		{B1B384E6-A1D0-4091-AFE5-15339F2452F4}.Debug|Any CPU.ActiveCfg = Debug|Any CPU
		{B1B384E6-A1D0-4091-AFE5-15339F2452F4}.Debug|Any CPU.Build.0 = Debug|Any CPU
		{B1B384E6-A1D0-4091-AFE5-15339F2452F4}.Release|Any CPU.ActiveCfg = Release|Any CPU
		{B1B384E6-A1D0-4091-AFE5-15339F2452F4}.Release|Any CPU.Build.0 = Release|Any CPU
	EndGlobalSection
	GlobalSection(SolutionProperties) = preSolution
		HideSolutionNode = FALSE
	EndGlobalSection
EndGlobal
